
Microsoft Visual Studio Solution File, Format Version 12.00
# Visual Studio Version 17
VisualStudioVersion = 17.0.31903.59
MinimumVisualStudioVersion = 10.0.40219.1
Project("{FAE04EC0-301F-11D3-BF4B-00C04F79EFBC}") = "API", "API\API.csproj", "{C63F12FD-3EA8-4369-97A0-BA5A86BE7482}"
EndProject
Project("{FAE04EC0-301F-11D3-BF4B-00C04F79EFBC}") = "Core", "Core\Core.csproj", "{0585E06B-2C6E-49CB-9B34-3DF3C0E5AFC0}"
EndProject
Project("{FAE04EC0-301F-11D3-BF4B-00C04F79EFBC}") = "Entities", "Entities\Entities.csproj", "{7AC5F0F5-6290-47E5-B8C1-6DDF164582CD}"
EndProject
Project("{FAE04EC0-301F-11D3-BF4B-00C04F79EFBC}") = "DataAccess", "DataAccess\DataAccess.csproj", "{5B8BAF74-3C84-485D-9AC7-25B60FA619F9}"
EndProject
Project("{FAE04EC0-301F-11D3-BF4B-00C04F79EFBC}") = "Business", "Business\Business.csproj", "{42D0E5F5-1E62-4504-A4D3-BE01300FB13E}"
EndProject
Global
	GlobalSection(SolutionConfigurationPlatforms) = preSolution
		Debug|Any CPU = Debug|Any CPU
		Release|Any CPU = Release|Any CPU
	EndGlobalSection
	GlobalSection(SolutionProperties) = preSolution
		HideSolutionNode = FALSE
	EndGlobalSection
	GlobalSection(ProjectConfigurationPlatforms) = postSolution
		{C63F12FD-3EA8-4369-97A0-BA5A86BE7482}.Debug|Any CPU.ActiveCfg = Debug|Any CPU
		{C63F12FD-3EA8-4369-97A0-BA5A86BE7482}.Debug|Any CPU.Build.0 = Debug|Any CPU
		{C63F12FD-3EA8-4369-97A0-BA5A86BE7482}.Release|Any CPU.ActiveCfg = Release|Any CPU
		{C63F12FD-3EA8-4369-97A0-BA5A86BE7482}.Release|Any CPU.Build.0 = Release|Any CPU
		{0585E06B-2C6E-49CB-9B34-3DF3C0E5AFC0}.Debug|Any CPU.ActiveCfg = Debug|Any CPU
		{0585E06B-2C6E-49CB-9B34-3DF3C0E5AFC0}.Debug|Any CPU.Build.0 = Debug|Any CPU
		{0585E06B-2C6E-49CB-9B34-3DF3C0E5AFC0}.Release|Any CPU.ActiveCfg = Release|Any CPU
		{0585E06B-2C6E-49CB-9B34-3DF3C0E5AFC0}.Release|Any CPU.Build.0 = Release|Any CPU
		{7AC5F0F5-6290-47E5-B8C1-6DDF164582CD}.Debug|Any CPU.ActiveCfg = Debug|Any CPU
		{7AC5F0F5-6290-47E5-B8C1-6DDF164582CD}.Debug|Any CPU.Build.0 = Debug|Any CPU
		{7AC5F0F5-6290-47E5-B8C1-6DDF164582CD}.Release|Any CPU.ActiveCfg = Release|Any CPU
		{7AC5F0F5-6290-47E5-B8C1-6DDF164582CD}.Release|Any CPU.Build.0 = Release|Any CPU
		{5B8BAF74-3C84-485D-9AC7-25B60FA619F9}.Debug|Any CPU.ActiveCfg = Debug|Any CPU
		{5B8BAF74-3C84-485D-9AC7-25B60FA619F9}.Debug|Any CPU.Build.0 = Debug|Any CPU
		{5B8BAF74-3C84-485D-9AC7-25B60FA619F9}.Release|Any CPU.ActiveCfg = Release|Any CPU
		{5B8BAF74-3C84-485D-9AC7-25B60FA619F9}.Release|Any CPU.Build.0 = Release|Any CPU
		{42D0E5F5-1E62-4504-A4D3-BE01300FB13E}.Debug|Any CPU.ActiveCfg = Debug|Any CPU
		{42D0E5F5-1E62-4504-A4D3-BE01300FB13E}.Debug|Any CPU.Build.0 = Debug|Any CPU
		{42D0E5F5-1E62-4504-A4D3-BE01300FB13E}.Release|Any CPU.ActiveCfg = Release|Any CPU
		{42D0E5F5-1E62-4504-A4D3-BE01300FB13E}.Release|Any CPU.Build.0 = Release|Any CPU
	EndGlobalSection
EndGlobal
